<?xml version="1.0" encoding="utf-8"?>
<Project ToolsVersion="4.0" xmlns="http://schemas.microsoft.com/developer/msbuild/2003">
  <ItemGroup>
    <ClInclude Include="version.h">
      <Filter>Header Files</Filter>
    </ClInclude>
    <ClInclude Include="StructuredFile.h">
      <Filter>Header Files</Filter>
    </ClInclude>
    <ClInclude Include="StructuredFile_msg.h">
      <Filter>Header Files</Filter>
    </ClInclude>
    <ClInclude Include="IFormat.h">
      <Filter>Header Files</Filter>
    </ClInclude>
    <ClInclude Include="JsonFormat.h">
      <Filter>Header Files</Filter>
    </ClInclude>
    <ClInclude Include="TomlFormat.h">
      <Filter>Header Files</Filter>
    </ClInclude>
    <ClInclude Include="YamlFormat.h">
      <Filter>Header Files</Filter>
    </ClInclude>
    <ClInclude Include="PersistVars.h">
      <Filter>Header Files</Filter>
    </ClInclude>
  </ItemGroup>
  <ItemGroup>
    <CustomBuild Include="StructuredFile3.def">
      <Filter>Resource Files</Filter>
    </CustomBuild>
    <CustomBuild Include="StructuredFile.msg">
      <Filter>Resource Files</Filter>
    </CustomBuild>
  </ItemGroup>
  <ItemGroup>
    <Filter Include="Source Files">
      <UniqueIdentifier>{827e8e91-51d2-4456-acf4-8552711c2c60}</UniqueIdentifier>
    </Filter>
    <Filter Include="Header Files">
      <UniqueIdentifier>{1e0a5d7b-eceb-4a6f-b20c-75500f7b358c}</UniqueIdentifier>
    </Filter>
    <Filter Include="Resource Files">
      <UniqueIdentifier>{71e9aad5-8907-4914-a430-0e5ee716d1ea}</UniqueIdentifier>
    </Filter>
  </ItemGroup>
  <ItemGroup>
    <Text Include="History.txt">
      <Filter>Resource Files</Filter>
    </Text>
  </ItemGroup>
  <ItemGroup>
    <ResourceCompile Include="StructuredFile.rc">
      <Filter>Resource Files</Filter>
    </ResourceCompile>
  </ItemGroup>
  <ItemGroup>
    <ClCompile Include="StructuredFile.cpp">
      <Filter>Source Files</Filter>
    </ClCompile>
    <ClCompile Include="JsonFormat.cpp">
      <Filter>Source Files</Filter>
    </ClCompile>
    <ClCompile Include="Format.cpp">
      <Filter>Source Files</Filter>
    </ClCompile>
    <ClCompile Include="TomlFormat.cpp">
      <Filter>Source Files</Filter>
    </ClCompile>
    <ClCompile Include="YamlFormat.cpp">
      <Filter>Source Files</Filter>
    </ClCompile>
  </ItemGroup>
  <ItemGroup>
    <Natvis Include="yaml\src\contrib\yaml-cpp.natvis">
      <Filter>Resource Files</Filter>
    </Natvis>
  </ItemGroup>
</Project>